# THIS IS AN AUTOGENERATED FILE. DO NOT EDIT THIS FILE DIRECTLY.
# yarn lockfile v1


cargo@^0.8.0:
  version "0.8.0"
  resolved "https://registry.yarnpkg.com/cargo/-/cargo-0.8.0.tgz#af0eb0cf9733057cbfffe59d6bfbf9d0e93e4495"
  integrity sha512-Fl49HZ8CAs4++TjtwcoZgwyq2ZQUiFVGQ3byyKKUilNk65iuBRDjpCGH/AUORvAODaVVbGbKyFCa67tlDG3p4g==
